
Microsoft Visual Studio Solution File, Format Version 12.00
# Visual Studio Version 16
VisualStudioVersion = 16.0.33423.256
MinimumVisualStudioVersion = 10.0.40219.1
Project("{FAE04EC0-301F-11D3-BF4B-00C04F79EFBC}") = "SignIn", "SignIn\SignIn.csproj", "{792BF11C-2BF3-4846-BD0A-618D173D65DA}"
EndProject
Global
	GlobalSection(SolutionConfigurationPlatforms) = preSolution
		Debug|Any CPU = Debug|Any CPU
		Release|Any CPU = Release|Any CPU
	EndGlobalSection
	GlobalSection(ProjectConfigurationPlatforms) = postSolution
		{792BF11C-2BF3-4846-BD0A-618D173D65DA}.Debug|Any CPU.ActiveCfg = Debug|Any CPU
		{792BF11C-2BF3-4846-BD0A-618D173D65DA}.Debug|Any CPU.Build.0 = Debug|Any CPU
		{792BF11C-2BF3-4846-BD0A-618D173D65DA}.Release|Any CPU.ActiveCfg = Release|Any CPU
		{792BF11C-2BF3-4846-BD0A-618D173D65DA}.Release|Any CPU.Build.0 = Release|Any CPU
	EndGlobalSection
	GlobalSection(SolutionProperties) = preSolution
		HideSolutionNode = FALSE
	EndGlobalSection
	GlobalSection(ExtensibilityGlobals) = postSolution
		SolutionGuid = {C445B090-3473-444C-A95B-5F9715AE865A}
	EndGlobalSection
EndGlobal
